
Microsoft Visual Studio Solution File, Format Version 12.00
# Visual Studio Version 17
VisualStudioVersion = 17.7.34221.43
MinimumVisualStudioVersion = 10.0.40219.1
Project("{9A19103F-16F7-4668-BE54-9A1E7A4F7556}") = "BlogWebApp", "BlogWebApp\BlogWebApp.csproj", "{7D233125-BE31-4AFA-BFE0-63A1EA099B59}"
EndProject
Project("{FAE04EC0-301F-11D3-BF4B-00C04F79EFBC}") = "BlogMVC", "BlogMVC\BlogMVC.csproj", "{0F011B5F-0147-41D6-A5E4-2A90FE4D5132}"
EndProject
Global
	GlobalSection(SolutionConfigurationPlatforms) = preSolution
		Debug|Any CPU = Debug|Any CPU
		Release|Any CPU = Release|Any CPU
	EndGlobalSection
	GlobalSection(ProjectConfigurationPlatforms) = postSolution
		{7D233125-BE31-4AFA-BFE0-63A1EA099B59}.Debug|Any CPU.ActiveCfg = Debug|Any CPU
		{7D233125-BE31-4AFA-BFE0-63A1EA099B59}.Debug|Any CPU.Build.0 = Debug|Any CPU
		{7D233125-BE31-4AFA-BFE0-63A1EA099B59}.Release|Any CPU.ActiveCfg = Release|Any CPU
		{7D233125-BE31-4AFA-BFE0-63A1EA099B59}.Release|Any CPU.Build.0 = Release|Any CPU
		{0F011B5F-0147-41D6-A5E4-2A90FE4D5132}.Debug|Any CPU.ActiveCfg = Debug|Any CPU
		{0F011B5F-0147-41D6-A5E4-2A90FE4D5132}.Debug|Any CPU.Build.0 = Debug|Any CPU
		{0F011B5F-0147-41D6-A5E4-2A90FE4D5132}.Release|Any CPU.ActiveCfg = Release|Any CPU
		{0F011B5F-0147-41D6-A5E4-2A90FE4D5132}.Release|Any CPU.Build.0 = Release|Any CPU
	EndGlobalSection
	GlobalSection(SolutionProperties) = preSolution
		HideSolutionNode = FALSE
	EndGlobalSection
	GlobalSection(ExtensibilityGlobals) = postSolution
		SolutionGuid = {D200FFBC-AD41-4EB4-B83F-ACD3B14486EE}
	EndGlobalSection
EndGlobal
